
Microsoft Visual Studio Solution File, Format Version 12.00
# Visual Studio Version 17
VisualStudioVersion = 17.14.36915.13 d17.14
MinimumVisualStudioVersion = 10.0.40219.1
Project("{FAE04EC0-301F-11D3-BF4B-00C04F79EFBC}") = "Pracitc04.02", "Pracitc04.02\Pracitc04.02.csproj", "{A0E96B47-1148-4D2E-9C93-869E6AE7E6B8}"
EndProject
Global
	GlobalSection(SolutionConfigurationPlatforms) = preSolution
		Debug|Any CPU = Debug|Any CPU
		Release|Any CPU = Release|Any CPU
	EndGlobalSection
	GlobalSection(ProjectConfigurationPlatforms) = postSolution
		{A0E96B47-1148-4D2E-9C93-869E6AE7E6B8}.Debug|Any CPU.ActiveCfg = Debug|Any CPU
		{A0E96B47-1148-4D2E-9C93-869E6AE7E6B8}.Debug|Any CPU.Build.0 = Debug|Any CPU
		{A0E96B47-1148-4D2E-9C93-869E6AE7E6B8}.Release|Any CPU.ActiveCfg = Release|Any CPU
		{A0E96B47-1148-4D2E-9C93-869E6AE7E6B8}.Release|Any CPU.Build.0 = Release|Any CPU
	EndGlobalSection
	GlobalSection(SolutionProperties) = preSolution
		HideSolutionNode = FALSE
	EndGlobalSection
	GlobalSection(ExtensibilityGlobals) = postSolution
		SolutionGuid = {7BB4A104-0CE3-41E0-AF45-90C44F5CC50B}
	EndGlobalSection
EndGlobal
