
Microsoft Visual Studio Solution File, Format Version 12.00
# Visual Studio Version 17
VisualStudioVersion = 17.14.36616.10 d17.14
MinimumVisualStudioVersion = 10.0.40219.1
Project("{FAE04EC0-301F-11D3-BF4B-00C04F79EFBC}") = "2пара(Наследование)", "2пара(Наследование)\2пара(Наследование).csproj", "{F11B82CC-B3D8-462A-BE72-6977E525BB61}"
EndProject
Global
	GlobalSection(SolutionConfigurationPlatforms) = preSolution
		Debug|Any CPU = Debug|Any CPU
		Release|Any CPU = Release|Any CPU
	EndGlobalSection
	GlobalSection(ProjectConfigurationPlatforms) = postSolution
		{F11B82CC-B3D8-462A-BE72-6977E525BB61}.Debug|Any CPU.ActiveCfg = Debug|Any CPU
		{F11B82CC-B3D8-462A-BE72-6977E525BB61}.Debug|Any CPU.Build.0 = Debug|Any CPU
		{F11B82CC-B3D8-462A-BE72-6977E525BB61}.Release|Any CPU.ActiveCfg = Release|Any CPU
		{F11B82CC-B3D8-462A-BE72-6977E525BB61}.Release|Any CPU.Build.0 = Release|Any CPU
	EndGlobalSection
	GlobalSection(SolutionProperties) = preSolution
		HideSolutionNode = FALSE
	EndGlobalSection
	GlobalSection(ExtensibilityGlobals) = postSolution
		SolutionGuid = {293C0F78-A93A-4B91-AC1C-683A939B5240}
	EndGlobalSection
EndGlobal
