
Microsoft Visual Studio Solution File, Format Version 12.00
# Visual Studio Version 17
VisualStudioVersion = 17.14.36915.13 d17.14
MinimumVisualStudioVersion = 10.0.40219.1
Project("{FAE04EC0-301F-11D3-BF4B-00C04F79EFBC}") = "KT 4", "KT 4\KT 4.csproj", "{96ABEFCE-6C75-4A31-B9C1-88C54E7066D2}"
EndProject
Global
	GlobalSection(SolutionConfigurationPlatforms) = preSolution
		Debug|Any CPU = Debug|Any CPU
		Release|Any CPU = Release|Any CPU
	EndGlobalSection
	GlobalSection(ProjectConfigurationPlatforms) = postSolution
		{96ABEFCE-6C75-4A31-B9C1-88C54E7066D2}.Debug|Any CPU.ActiveCfg = Debug|Any CPU
		{96ABEFCE-6C75-4A31-B9C1-88C54E7066D2}.Debug|Any CPU.Build.0 = Debug|Any CPU
		{96ABEFCE-6C75-4A31-B9C1-88C54E7066D2}.Release|Any CPU.ActiveCfg = Release|Any CPU
		{96ABEFCE-6C75-4A31-B9C1-88C54E7066D2}.Release|Any CPU.Build.0 = Release|Any CPU
	EndGlobalSection
	GlobalSection(SolutionProperties) = preSolution
		HideSolutionNode = FALSE
	EndGlobalSection
	GlobalSection(ExtensibilityGlobals) = postSolution
		SolutionGuid = {D291D49F-0312-4EA5-BA16-888C8C13FCF0}
	EndGlobalSection
EndGlobal
